
Microsoft Visual Studio Solution File, Format Version 12.00
# Visual Studio 2012
Project("{FAE04EC0-301F-11D3-BF4B-00C04F79EFBC}") = "EsempioProgrammaConForms", "EsempioProgrammaConForms\EsempioProgrammaConForms.csproj", "{BF38215B-C7F0-40BD-81A4-A64EE027CCC5}"
EndProject
Project("{FAE04EC0-301F-11D3-BF4B-00C04F79EFBC}") = "EsempioProgrammaConForms.Droid", "Droid\EsempioProgrammaConForms.Droid.csproj", "{53860DCE-895F-4293-A52F-A748E314F616}"
EndProject
Project("{FAE04EC0-301F-11D3-BF4B-00C04F79EFBC}") = "ProvaCorsoiOS", "ProvaCorsoiOS\ProvaCorsoiOS.csproj", "{7156F4B0-FB13-4F26-882D-FAEE49DDAC57}"
EndProject
Global
	GlobalSection(SolutionConfigurationPlatforms) = preSolution
		Debug|Any CPU = Debug|Any CPU
		Release|Any CPU = Release|Any CPU
		Debug|iPhoneSimulator = Debug|iPhoneSimulator
		Release|iPhone = Release|iPhone
		Release|iPhoneSimulator = Release|iPhoneSimulator
		Debug|iPhone = Debug|iPhone
	EndGlobalSection
	GlobalSection(ProjectConfigurationPlatforms) = postSolution
		{53860DCE-895F-4293-A52F-A748E314F616}.Debug|Any CPU.ActiveCfg = Debug|Any CPU
		{53860DCE-895F-4293-A52F-A748E314F616}.Debug|Any CPU.Build.0 = Debug|Any CPU
		{53860DCE-895F-4293-A52F-A748E314F616}.Debug|iPhone.ActiveCfg = Debug|Any CPU
		{53860DCE-895F-4293-A52F-A748E314F616}.Debug|iPhone.Build.0 = Debug|Any CPU
		{53860DCE-895F-4293-A52F-A748E314F616}.Debug|iPhoneSimulator.ActiveCfg = Debug|Any CPU
		{53860DCE-895F-4293-A52F-A748E314F616}.Debug|iPhoneSimulator.Build.0 = Debug|Any CPU
		{53860DCE-895F-4293-A52F-A748E314F616}.Release|Any CPU.ActiveCfg = Release|Any CPU
		{53860DCE-895F-4293-A52F-A748E314F616}.Release|Any CPU.Build.0 = Release|Any CPU
		{53860DCE-895F-4293-A52F-A748E314F616}.Release|iPhone.ActiveCfg = Release|Any CPU
		{53860DCE-895F-4293-A52F-A748E314F616}.Release|iPhone.Build.0 = Release|Any CPU
		{53860DCE-895F-4293-A52F-A748E314F616}.Release|iPhoneSimulator.ActiveCfg = Release|Any CPU
		{53860DCE-895F-4293-A52F-A748E314F616}.Release|iPhoneSimulator.Build.0 = Release|Any CPU
		{7156F4B0-FB13-4F26-882D-FAEE49DDAC57}.Debug|Any CPU.ActiveCfg = Debug|iPhoneSimulator
		{7156F4B0-FB13-4F26-882D-FAEE49DDAC57}.Debug|Any CPU.Build.0 = Debug|iPhoneSimulator
		{7156F4B0-FB13-4F26-882D-FAEE49DDAC57}.Debug|iPhone.ActiveCfg = Debug|iPhone
		{7156F4B0-FB13-4F26-882D-FAEE49DDAC57}.Debug|iPhone.Build.0 = Debug|iPhone
		{7156F4B0-FB13-4F26-882D-FAEE49DDAC57}.Debug|iPhoneSimulator.ActiveCfg = Debug|iPhoneSimulator
		{7156F4B0-FB13-4F26-882D-FAEE49DDAC57}.Debug|iPhoneSimulator.Build.0 = Debug|iPhoneSimulator
		{7156F4B0-FB13-4F26-882D-FAEE49DDAC57}.Release|Any CPU.ActiveCfg = Release|iPhone
		{7156F4B0-FB13-4F26-882D-FAEE49DDAC57}.Release|Any CPU.Build.0 = Release|iPhone
		{7156F4B0-FB13-4F26-882D-FAEE49DDAC57}.Release|iPhone.ActiveCfg = Release|iPhone
		{7156F4B0-FB13-4F26-882D-FAEE49DDAC57}.Release|iPhone.Build.0 = Release|iPhone
		{7156F4B0-FB13-4F26-882D-FAEE49DDAC57}.Release|iPhoneSimulator.ActiveCfg = Release|iPhoneSimulator
		{7156F4B0-FB13-4F26-882D-FAEE49DDAC57}.Release|iPhoneSimulator.Build.0 = Release|iPhoneSimulator
		{BF38215B-C7F0-40BD-81A4-A64EE027CCC5}.Debug|Any CPU.ActiveCfg = Debug|Any CPU
		{BF38215B-C7F0-40BD-81A4-A64EE027CCC5}.Debug|Any CPU.Build.0 = Debug|Any CPU
		{BF38215B-C7F0-40BD-81A4-A64EE027CCC5}.Debug|iPhone.ActiveCfg = Debug|Any CPU
		{BF38215B-C7F0-40BD-81A4-A64EE027CCC5}.Debug|iPhone.Build.0 = Debug|Any CPU
		{BF38215B-C7F0-40BD-81A4-A64EE027CCC5}.Debug|iPhoneSimulator.ActiveCfg = Debug|Any CPU
		{BF38215B-C7F0-40BD-81A4-A64EE027CCC5}.Debug|iPhoneSimulator.Build.0 = Debug|Any CPU
		{BF38215B-C7F0-40BD-81A4-A64EE027CCC5}.Release|Any CPU.ActiveCfg = Release|Any CPU
		{BF38215B-C7F0-40BD-81A4-A64EE027CCC5}.Release|Any CPU.Build.0 = Release|Any CPU
		{BF38215B-C7F0-40BD-81A4-A64EE027CCC5}.Release|iPhone.ActiveCfg = Release|Any CPU
		{BF38215B-C7F0-40BD-81A4-A64EE027CCC5}.Release|iPhone.Build.0 = Release|Any CPU
		{BF38215B-C7F0-40BD-81A4-A64EE027CCC5}.Release|iPhoneSimulator.ActiveCfg = Release|Any CPU
		{BF38215B-C7F0-40BD-81A4-A64EE027CCC5}.Release|iPhoneSimulator.Build.0 = Release|Any CPU
	EndGlobalSection
EndGlobal
